<?xml version="1.0" encoding="utf-8"?>
<Project ToolsVersion="4.0" xmlns="http://schemas.microsoft.com/developer/msbuild/2003">
  <ItemGroup>
    <Filter Include="Source Files">
      <UniqueIdentifier>{4FC737F1-C7A5-4376-A066-2A32D752A2FF}</UniqueIdentifier>
      <Extensions>cpp;c;cc;cxx;c++;cppm;ixx;def;odl;idl;hpj;bat;asm;asmx</Extensions>
    </Filter>
    <Filter Include="Header Files">
      <UniqueIdentifier>{93995380-89BD-4b04-88EB-625FBE52EBFB}</UniqueIdentifier>
      <Extensions>h;hh;hpp;hxx;h++;hm;inl;inc;ipp;xsd</Extensions>
    </Filter>
    <Filter Include="Resource Files">
      <UniqueIdentifier>{67DA6AB6-F800-4c08-8B7A-83BB121AAD01}</UniqueIdentifier>
      <Extensions>rc;ico;cur;bmp;dlg;rc2;rct;bin;rgs;gif;jpg;jpeg;jpe;resx;tiff;tif;png;wav;mfcribbon-ms</Extensions>
    </Filter>
    <Filter Include="Header Files\Platform">
      <UniqueIdentifier>{f33b9e34-42f3-4044-8d33-41d10a395d01}</UniqueIdentifier>
    </Filter>
    <Filter Include="Source Files\Platform">
      <UniqueIdentifier>{cbc96230-3284-44da-9770-f354111628fa}</UniqueIdentifier>
    </Filter>
  </ItemGroup>
  <ItemGroup>
    <ClInclude Include="HudJigRect.h">
      <Filter>Header Files</Filter>
    </ClInclude>
    <ClInclude Include="framework.h">
      <Filter>Header Files</Filter>
    </ClInclude>
    <ClInclude Include="pch.h">
      <Filter>Header Files</Filter>
    </ClInclude>
    <ClInclude Include="Platform\ConsoleLogSink.h">
      <Filter>Header Files\Platform</Filter>
    </ClInclude>
    <ClInclude Include="Platform\FrameTimer.h">
      <Filter>Header Files\Platform</Filter>
    </ClInclude>
    <ClInclude Include="Platform\Win32Console.h">
      <Filter>Header Files\Platform</Filter>
    </ClInclude>
    <ClInclude Include="Platform\Win32MessagePump.h">
      <Filter>Header Files\Platform</Filter>
    </ClInclude>
    <ClInclude Include="Platform\Win32WglContext.h">
      <Filter>Header Files\Platform</Filter>
    </ClInclude>
    <ClInclude Include="GripsOps.h">
      <Filter>Header Files</Filter>
    </ClInclude>
    <ClInclude Include="HersheyCommandWindow.h">
      <Filter>Header Files</Filter>
    </ClInclude>
    <ClInclude Include="HoverOps.h">
      <Filter>Header Files</Filter>
    </ClInclude>
    <ClInclude Include="InteractionState.h">
      <Filter>Header Files</Filter>
    </ClInclude>
    <ClInclude Include="SelectionOps.h">
      <Filter>Header Files</Filter>
    </ClInclude>
    <ClInclude Include="ViewportTransform.h">
      <Filter>Header Files</Filter>
    </ClInclude>
    <ClInclude Include="SelectionHit.h">
      <Filter>Header Files</Filter>
    </ClInclude>
    <ClInclude Include="BoxSelectionState.h">
      <Filter>Header Files</Filter>
    </ClInclude>
    <ClInclude Include="SelectionMode.h">
      <Filter>Header Files</Filter>
    </ClInclude>
    <ClInclude Include="SelectionController.h">
      <Filter>Header Files</Filter>
    </ClInclude>

  </ItemGroup>
  <ItemGroup>
    <ClCompile Include="AppCoreLib.cpp">
      <Filter>Source Files</Filter>
    </ClCompile>
    <ClCompile Include="pch.cpp">
      <Filter>Source Files</Filter>
    </ClCompile>
    <ClCompile Include="Platform\ConsoleLogSink.cpp">
      <Filter>Source Files\Platform</Filter>
    </ClCompile>
    <ClCompile Include="Platform\Win32WglContext.cpp">
      <Filter>Source Files\Platform</Filter>
    </ClCompile>
    <ClCompile Include="Platform\Win32MessagePump.cpp">
      <Filter>Source Files\Platform</Filter>
    </ClCompile>
    <ClCompile Include="Platform\Win32Console.cpp">
      <Filter>Source Files\Platform</Filter>
    </ClCompile>
    <ClCompile Include="SelectionOps.cpp">
      <Filter>Source Files</Filter>
    </ClCompile>
    <ClCompile Include="HoverOps.cpp">
      <Filter>Source Files</Filter>
    </ClCompile>
    <ClCompile Include="GripsOps.cpp">
      <Filter>Source Files</Filter>
    </ClCompile>
    <ClCompile Include="HersheyCommandWindow.cpp">
      <Filter>Source Files</Filter>
    </ClCompile>
    <ClCompile Include="SelectionController.cpp">
      <Filter>Source Files</Filter>
    </ClCompile>

    <ClInclude Include="SelectionVisualState.h">
      <Filter>Header Files</Filter>
    </ClInclude>
  </ItemGroup>
</Project>